
Microsoft Visual Studio Solution File, Format Version 12.00
# Visual Studio 15
VisualStudioVersion = 15.0.28010.2026
MinimumVisualStudioVersion = 10.0.40219.1
Project("{8BC9CEB8-8B4A-11D0-8D11-00A0C91BC942}") = "8-7", "8-7\8-7.vcxproj", "{BC8C7875-E13E-4A6A-83B4-58E0F774224F}"
EndProject
Global
	GlobalSection(SolutionConfigurationPlatforms) = preSolution
		Debug|x64 = Debug|x64
		Debug|x86 = Debug|x86
		Release|x64 = Release|x64
		Release|x86 = Release|x86
	EndGlobalSection
	GlobalSection(ProjectConfigurationPlatforms) = postSolution
		{BC8C7875-E13E-4A6A-83B4-58E0F774224F}.Debug|x64.ActiveCfg = Debug|x64
		{BC8C7875-E13E-4A6A-83B4-58E0F774224F}.Debug|x64.Build.0 = Debug|x64
		{BC8C7875-E13E-4A6A-83B4-58E0F774224F}.Debug|x86.ActiveCfg = Debug|Win32
		{BC8C7875-E13E-4A6A-83B4-58E0F774224F}.Debug|x86.Build.0 = Debug|Win32
		{BC8C7875-E13E-4A6A-83B4-58E0F774224F}.Release|x64.ActiveCfg = Release|x64
		{BC8C7875-E13E-4A6A-83B4-58E0F774224F}.Release|x64.Build.0 = Release|x64
		{BC8C7875-E13E-4A6A-83B4-58E0F774224F}.Release|x86.ActiveCfg = Release|Win32
		{BC8C7875-E13E-4A6A-83B4-58E0F774224F}.Release|x86.Build.0 = Release|Win32
	EndGlobalSection
	GlobalSection(SolutionProperties) = preSolution
		HideSolutionNode = FALSE
	EndGlobalSection
	GlobalSection(ExtensibilityGlobals) = postSolution
		SolutionGuid = {8B33DB43-FAFD-4823-9139-7FF58F01A6CA}
	EndGlobalSection
EndGlobal
