
Microsoft Visual Studio Solution File, Format Version 12.00
# Visual Studio 15
VisualStudioVersion = 15.0.28010.2026
MinimumVisualStudioVersion = 10.0.40219.1
Project("{8BC9CEB8-8B4A-11D0-8D11-00A0C91BC942}") = "5-6", "5-6\5-6.vcxproj", "{59288ADE-658A-4C6E-939D-A53B505791C0}"
EndProject
Global
	GlobalSection(SolutionConfigurationPlatforms) = preSolution
		Debug|x64 = Debug|x64
		Debug|x86 = Debug|x86
		Release|x64 = Release|x64
		Release|x86 = Release|x86
	EndGlobalSection
	GlobalSection(ProjectConfigurationPlatforms) = postSolution
		{59288ADE-658A-4C6E-939D-A53B505791C0}.Debug|x64.ActiveCfg = Debug|x64
		{59288ADE-658A-4C6E-939D-A53B505791C0}.Debug|x64.Build.0 = Debug|x64
		{59288ADE-658A-4C6E-939D-A53B505791C0}.Debug|x86.ActiveCfg = Debug|Win32
		{59288ADE-658A-4C6E-939D-A53B505791C0}.Debug|x86.Build.0 = Debug|Win32
		{59288ADE-658A-4C6E-939D-A53B505791C0}.Release|x64.ActiveCfg = Release|x64
		{59288ADE-658A-4C6E-939D-A53B505791C0}.Release|x64.Build.0 = Release|x64
		{59288ADE-658A-4C6E-939D-A53B505791C0}.Release|x86.ActiveCfg = Release|Win32
		{59288ADE-658A-4C6E-939D-A53B505791C0}.Release|x86.Build.0 = Release|Win32
	EndGlobalSection
	GlobalSection(SolutionProperties) = preSolution
		HideSolutionNode = FALSE
	EndGlobalSection
	GlobalSection(ExtensibilityGlobals) = postSolution
		SolutionGuid = {A8863B24-CF49-4574-9B39-EE56265EE676}
	EndGlobalSection
EndGlobal
