
Microsoft Visual Studio Solution File, Format Version 12.00
# Visual Studio 15
VisualStudioVersion = 15.0.28010.2026
MinimumVisualStudioVersion = 10.0.40219.1
Project("{8BC9CEB8-8B4A-11D0-8D11-00A0C91BC942}") = "c2", "c2\c2.vcxproj", "{ABF45D6F-5CB6-40A8-9A5A-90BD8E37E8C4}"
EndProject
Global
	GlobalSection(SolutionConfigurationPlatforms) = preSolution
		Debug|x64 = Debug|x64
		Debug|x86 = Debug|x86
		Release|x64 = Release|x64
		Release|x86 = Release|x86
	EndGlobalSection
	GlobalSection(ProjectConfigurationPlatforms) = postSolution
		{ABF45D6F-5CB6-40A8-9A5A-90BD8E37E8C4}.Debug|x64.ActiveCfg = Debug|x64
		{ABF45D6F-5CB6-40A8-9A5A-90BD8E37E8C4}.Debug|x64.Build.0 = Debug|x64
		{ABF45D6F-5CB6-40A8-9A5A-90BD8E37E8C4}.Debug|x86.ActiveCfg = Debug|Win32
		{ABF45D6F-5CB6-40A8-9A5A-90BD8E37E8C4}.Debug|x86.Build.0 = Debug|Win32
		{ABF45D6F-5CB6-40A8-9A5A-90BD8E37E8C4}.Release|x64.ActiveCfg = Release|x64
		{ABF45D6F-5CB6-40A8-9A5A-90BD8E37E8C4}.Release|x64.Build.0 = Release|x64
		{ABF45D6F-5CB6-40A8-9A5A-90BD8E37E8C4}.Release|x86.ActiveCfg = Release|Win32
		{ABF45D6F-5CB6-40A8-9A5A-90BD8E37E8C4}.Release|x86.Build.0 = Release|Win32
	EndGlobalSection
	GlobalSection(SolutionProperties) = preSolution
		HideSolutionNode = FALSE
	EndGlobalSection
	GlobalSection(ExtensibilityGlobals) = postSolution
		SolutionGuid = {B3FCD474-8BB8-4136-9331-C43FC3294629}
	EndGlobalSection
EndGlobal
