
Microsoft Visual Studio Solution File, Format Version 12.00
# Visual Studio 15
VisualStudioVersion = 15.0.28010.2026
MinimumVisualStudioVersion = 10.0.40219.1
Project("{8BC9CEB8-8B4A-11D0-8D11-00A0C91BC942}") = "6-1", "6-1\6-1.vcxproj", "{FF430543-7222-4D49-A771-4CAAF8795133}"
EndProject
Global
	GlobalSection(SolutionConfigurationPlatforms) = preSolution
		Debug|x64 = Debug|x64
		Debug|x86 = Debug|x86
		Release|x64 = Release|x64
		Release|x86 = Release|x86
	EndGlobalSection
	GlobalSection(ProjectConfigurationPlatforms) = postSolution
		{FF430543-7222-4D49-A771-4CAAF8795133}.Debug|x64.ActiveCfg = Debug|x64
		{FF430543-7222-4D49-A771-4CAAF8795133}.Debug|x64.Build.0 = Debug|x64
		{FF430543-7222-4D49-A771-4CAAF8795133}.Debug|x86.ActiveCfg = Debug|Win32
		{FF430543-7222-4D49-A771-4CAAF8795133}.Debug|x86.Build.0 = Debug|Win32
		{FF430543-7222-4D49-A771-4CAAF8795133}.Release|x64.ActiveCfg = Release|x64
		{FF430543-7222-4D49-A771-4CAAF8795133}.Release|x64.Build.0 = Release|x64
		{FF430543-7222-4D49-A771-4CAAF8795133}.Release|x86.ActiveCfg = Release|Win32
		{FF430543-7222-4D49-A771-4CAAF8795133}.Release|x86.Build.0 = Release|Win32
	EndGlobalSection
	GlobalSection(SolutionProperties) = preSolution
		HideSolutionNode = FALSE
	EndGlobalSection
	GlobalSection(ExtensibilityGlobals) = postSolution
		SolutionGuid = {D6A31CB7-9374-46A6-8896-5F418A80B792}
	EndGlobalSection
EndGlobal
