
Microsoft Visual Studio Solution File, Format Version 12.00
# Visual Studio 15
VisualStudioVersion = 15.0.28010.2026
MinimumVisualStudioVersion = 10.0.40219.1
Project("{8BC9CEB8-8B4A-11D0-8D11-00A0C91BC942}") = "5-5", "5-5\5-5.vcxproj", "{106956B7-259E-4804-A906-83C36D1B847C}"
EndProject
Global
	GlobalSection(SolutionConfigurationPlatforms) = preSolution
		Debug|x64 = Debug|x64
		Debug|x86 = Debug|x86
		Release|x64 = Release|x64
		Release|x86 = Release|x86
	EndGlobalSection
	GlobalSection(ProjectConfigurationPlatforms) = postSolution
		{106956B7-259E-4804-A906-83C36D1B847C}.Debug|x64.ActiveCfg = Debug|x64
		{106956B7-259E-4804-A906-83C36D1B847C}.Debug|x64.Build.0 = Debug|x64
		{106956B7-259E-4804-A906-83C36D1B847C}.Debug|x86.ActiveCfg = Debug|Win32
		{106956B7-259E-4804-A906-83C36D1B847C}.Debug|x86.Build.0 = Debug|Win32
		{106956B7-259E-4804-A906-83C36D1B847C}.Release|x64.ActiveCfg = Release|x64
		{106956B7-259E-4804-A906-83C36D1B847C}.Release|x64.Build.0 = Release|x64
		{106956B7-259E-4804-A906-83C36D1B847C}.Release|x86.ActiveCfg = Release|Win32
		{106956B7-259E-4804-A906-83C36D1B847C}.Release|x86.Build.0 = Release|Win32
	EndGlobalSection
	GlobalSection(SolutionProperties) = preSolution
		HideSolutionNode = FALSE
	EndGlobalSection
	GlobalSection(ExtensibilityGlobals) = postSolution
		SolutionGuid = {2FB04942-15D1-4A04-BB31-D5A30D1C9271}
	EndGlobalSection
EndGlobal
