
Microsoft Visual Studio Solution File, Format Version 12.00
# Visual Studio 15
VisualStudioVersion = 15.0.28010.2026
MinimumVisualStudioVersion = 10.0.40219.1
Project("{8BC9CEB8-8B4A-11D0-8D11-00A0C91BC942}") = "5-11", "5-11\5-11.vcxproj", "{3AF2FEA8-508E-4C7B-9FB1-FF31325A986A}"
EndProject
Global
	GlobalSection(SolutionConfigurationPlatforms) = preSolution
		Debug|x64 = Debug|x64
		Debug|x86 = Debug|x86
		Release|x64 = Release|x64
		Release|x86 = Release|x86
	EndGlobalSection
	GlobalSection(ProjectConfigurationPlatforms) = postSolution
		{3AF2FEA8-508E-4C7B-9FB1-FF31325A986A}.Debug|x64.ActiveCfg = Debug|x64
		{3AF2FEA8-508E-4C7B-9FB1-FF31325A986A}.Debug|x64.Build.0 = Debug|x64
		{3AF2FEA8-508E-4C7B-9FB1-FF31325A986A}.Debug|x86.ActiveCfg = Debug|Win32
		{3AF2FEA8-508E-4C7B-9FB1-FF31325A986A}.Debug|x86.Build.0 = Debug|Win32
		{3AF2FEA8-508E-4C7B-9FB1-FF31325A986A}.Release|x64.ActiveCfg = Release|x64
		{3AF2FEA8-508E-4C7B-9FB1-FF31325A986A}.Release|x64.Build.0 = Release|x64
		{3AF2FEA8-508E-4C7B-9FB1-FF31325A986A}.Release|x86.ActiveCfg = Release|Win32
		{3AF2FEA8-508E-4C7B-9FB1-FF31325A986A}.Release|x86.Build.0 = Release|Win32
	EndGlobalSection
	GlobalSection(SolutionProperties) = preSolution
		HideSolutionNode = FALSE
	EndGlobalSection
	GlobalSection(ExtensibilityGlobals) = postSolution
		SolutionGuid = {5A61582F-86FB-4B6A-9FA4-79DA8C755F2E}
	EndGlobalSection
EndGlobal
