
Microsoft Visual Studio Solution File, Format Version 12.00
# Visual Studio 15
VisualStudioVersion = 15.0.28010.2026
MinimumVisualStudioVersion = 10.0.40219.1
Project("{8BC9CEB8-8B4A-11D0-8D11-00A0C91BC942}") = "7-5", "7-5\7-5.vcxproj", "{EB64597C-D238-4DD0-A379-C9D63D0CA03A}"
EndProject
Global
	GlobalSection(SolutionConfigurationPlatforms) = preSolution
		Debug|x64 = Debug|x64
		Debug|x86 = Debug|x86
		Release|x64 = Release|x64
		Release|x86 = Release|x86
	EndGlobalSection
	GlobalSection(ProjectConfigurationPlatforms) = postSolution
		{EB64597C-D238-4DD0-A379-C9D63D0CA03A}.Debug|x64.ActiveCfg = Debug|x64
		{EB64597C-D238-4DD0-A379-C9D63D0CA03A}.Debug|x64.Build.0 = Debug|x64
		{EB64597C-D238-4DD0-A379-C9D63D0CA03A}.Debug|x86.ActiveCfg = Debug|Win32
		{EB64597C-D238-4DD0-A379-C9D63D0CA03A}.Debug|x86.Build.0 = Debug|Win32
		{EB64597C-D238-4DD0-A379-C9D63D0CA03A}.Release|x64.ActiveCfg = Release|x64
		{EB64597C-D238-4DD0-A379-C9D63D0CA03A}.Release|x64.Build.0 = Release|x64
		{EB64597C-D238-4DD0-A379-C9D63D0CA03A}.Release|x86.ActiveCfg = Release|Win32
		{EB64597C-D238-4DD0-A379-C9D63D0CA03A}.Release|x86.Build.0 = Release|Win32
	EndGlobalSection
	GlobalSection(SolutionProperties) = preSolution
		HideSolutionNode = FALSE
	EndGlobalSection
	GlobalSection(ExtensibilityGlobals) = postSolution
		SolutionGuid = {064E8FE0-DB9E-4910-97B7-653718DB7C34}
	EndGlobalSection
EndGlobal
