
Microsoft Visual Studio Solution File, Format Version 12.00
# Visual Studio 15
VisualStudioVersion = 15.0.28010.2026
MinimumVisualStudioVersion = 10.0.40219.1
Project("{8BC9CEB8-8B4A-11D0-8D11-00A0C91BC942}") = "112223", "112223\112223.vcxproj", "{8782D314-BA3F-4F86-A6F7-D2E7061E3394}"
EndProject
Global
	GlobalSection(SolutionConfigurationPlatforms) = preSolution
		Debug|x64 = Debug|x64
		Debug|x86 = Debug|x86
		Release|x64 = Release|x64
		Release|x86 = Release|x86
	EndGlobalSection
	GlobalSection(ProjectConfigurationPlatforms) = postSolution
		{8782D314-BA3F-4F86-A6F7-D2E7061E3394}.Debug|x64.ActiveCfg = Debug|x64
		{8782D314-BA3F-4F86-A6F7-D2E7061E3394}.Debug|x64.Build.0 = Debug|x64
		{8782D314-BA3F-4F86-A6F7-D2E7061E3394}.Debug|x86.ActiveCfg = Debug|Win32
		{8782D314-BA3F-4F86-A6F7-D2E7061E3394}.Debug|x86.Build.0 = Debug|Win32
		{8782D314-BA3F-4F86-A6F7-D2E7061E3394}.Release|x64.ActiveCfg = Release|x64
		{8782D314-BA3F-4F86-A6F7-D2E7061E3394}.Release|x64.Build.0 = Release|x64
		{8782D314-BA3F-4F86-A6F7-D2E7061E3394}.Release|x86.ActiveCfg = Release|Win32
		{8782D314-BA3F-4F86-A6F7-D2E7061E3394}.Release|x86.Build.0 = Release|Win32
	EndGlobalSection
	GlobalSection(SolutionProperties) = preSolution
		HideSolutionNode = FALSE
	EndGlobalSection
	GlobalSection(ExtensibilityGlobals) = postSolution
		SolutionGuid = {0A1EBC8B-2F0D-48A4-8038-ABBF789CCE2F}
	EndGlobalSection
EndGlobal
