
Microsoft Visual Studio Solution File, Format Version 12.00
# Visual Studio 15
VisualStudioVersion = 15.0.28010.2026
MinimumVisualStudioVersion = 10.0.40219.1
Project("{8BC9CEB8-8B4A-11D0-8D11-00A0C91BC942}") = "6-9", "6-9\6-9.vcxproj", "{468EC64A-56E0-4FC8-93D6-448202CFD453}"
EndProject
Global
	GlobalSection(SolutionConfigurationPlatforms) = preSolution
		Debug|x64 = Debug|x64
		Debug|x86 = Debug|x86
		Release|x64 = Release|x64
		Release|x86 = Release|x86
	EndGlobalSection
	GlobalSection(ProjectConfigurationPlatforms) = postSolution
		{468EC64A-56E0-4FC8-93D6-448202CFD453}.Debug|x64.ActiveCfg = Debug|x64
		{468EC64A-56E0-4FC8-93D6-448202CFD453}.Debug|x64.Build.0 = Debug|x64
		{468EC64A-56E0-4FC8-93D6-448202CFD453}.Debug|x86.ActiveCfg = Debug|Win32
		{468EC64A-56E0-4FC8-93D6-448202CFD453}.Debug|x86.Build.0 = Debug|Win32
		{468EC64A-56E0-4FC8-93D6-448202CFD453}.Release|x64.ActiveCfg = Release|x64
		{468EC64A-56E0-4FC8-93D6-448202CFD453}.Release|x64.Build.0 = Release|x64
		{468EC64A-56E0-4FC8-93D6-448202CFD453}.Release|x86.ActiveCfg = Release|Win32
		{468EC64A-56E0-4FC8-93D6-448202CFD453}.Release|x86.Build.0 = Release|Win32
	EndGlobalSection
	GlobalSection(SolutionProperties) = preSolution
		HideSolutionNode = FALSE
	EndGlobalSection
	GlobalSection(ExtensibilityGlobals) = postSolution
		SolutionGuid = {443F7614-ACE8-4DFD-87C0-D595F6005247}
	EndGlobalSection
EndGlobal
